Microsoft Visual Studio Solution File, Format Version 12.00
# Visual Studio Version 17
VisualStudioVersion = 17.5.2.0
MinimumVisualStudioVersion = 10.0.40219.1
Project("{2150E333-8FDC-42A3-9474-1A3956D46DE8}") = "db", "db", "{240D54FD-C2A2-AACB-CAA5-CE0B0FF793FF}"
EndProject
Project("{2150E333-8FDC-42A3-9474-1A3956D46DE8}") = "src", "src", "{0C4B74DE-4D95-E761-ECC2-5A1FCE8A6206}"
EndProject
Project("{FAE04EC0-301F-11D3-BF4B-00C04F79EFBC}") = "MplDbApi", "db\src\MplDbApi\MplDbApi.csproj", "{636034EE-CF1F-18C2-1699-F68A793B1288}"
EndProject
Global
	GlobalSection(SolutionConfigurationPlatforms) = preSolution
		Debug|Any CPU = Debug|Any CPU
		Release|Any CPU = Release|Any CPU
	EndGlobalSection
	GlobalSection(ProjectConfigurationPlatforms) = postSolution
		{636034EE-CF1F-18C2-1699-F68A793B1288}.Debug|Any CPU.ActiveCfg = Debug|Any CPU
		{636034EE-CF1F-18C2-1699-F68A793B1288}.Debug|Any CPU.Build.0 = Debug|Any CPU
		{636034EE-CF1F-18C2-1699-F68A793B1288}.Release|Any CPU.ActiveCfg = Release|Any CPU
		{636034EE-CF1F-18C2-1699-F68A793B1288}.Release|Any CPU.Build.0 = Release|Any CPU
	EndGlobalSection
	GlobalSection(SolutionProperties) = preSolution
		HideSolutionNode = FALSE
	EndGlobalSection
	GlobalSection(NestedProjects) = preSolution
		{0C4B74DE-4D95-E761-ECC2-5A1FCE8A6206} = {240D54FD-C2A2-AACB-CAA5-CE0B0FF793FF}
		{636034EE-CF1F-18C2-1699-F68A793B1288} = {0C4B74DE-4D95-E761-ECC2-5A1FCE8A6206}
	EndGlobalSection
	GlobalSection(ExtensibilityGlobals) = postSolution
		SolutionGuid = {5F574212-F6AB-4AA2-846B-CFB29234FD29}
	EndGlobalSection
EndGlobal
